// !$*UTF8*$!
{
	archiveVersion = 1;
	classes = {
	};
	objectVersion = 50;
	objects = {

/* Begin PBXBuildFile section */
		A77FDA1A265D32C10078F667 /* AppDelegate.swift in Sources */ = {isa = PBXBuildFile; fileRef = A77FDA19265D32C10078F667 /* AppDelegate.swift */; };
		A77FDA1C265D32C10078F667 /* SceneDelegate.swift in Sources */ = {isa = PBXBuildFile; fileRef = A77FDA1B265D32C10078F667 /* SceneDelegate.swift */; };
		A77FDA1E265D32C10078F667 /* MainViewController.swift in Sources */ = {isa = PBXBuildFile; fileRef = A77FDA1D265D32C10078F667 /* MainViewController.swift */; };
		A77FDA23265D32CA0078F667 /* Assets.xcassets in Resources */ = {isa = PBXBuildFile; fileRef = A77FDA22265D32CA0078F667 /* Assets.xcassets */; };
		A77FDA26265D32CA0078F667 /* LaunchScreen.storyboard in Resources */ = {isa = PBXBuildFile; fileRef = A77FDA24265D32CA0078F667 /* LaunchScreen.storyboard */; };
		A77FDA2E265D35380078F667 /* Service.swift in Sources */ = {isa = PBXBuildFile; fileRef = A77FDA2D265D35380078F667 /* Service.swift */; };
		A77FDA30265D35A40078F667 /* Model.swift in Sources */ = {isa = PBXBuildFile; fileRef = A77FDA2F265D35A40078F667 /* Model.swift */; };
		A77FDA32265D383C0078F667 /* MainView.swift in Sources */ = {isa = PBXBuildFile; fileRef = A77FDA31265D383C0078F667 /* MainView.swift */; };
		A77FDA34265D39900078F667 /* CollectionViewCell.swift in Sources */ = {isa = PBXBuildFile; fileRef = A77FDA33265D39900078F667 /* CollectionViewCell.swift */; };
		A77FDA38265D42B40078F667 /* TabBarViewController.swift in Sources */ = {isa = PBXBuildFile; fileRef = A77FDA37265D42B40078F667 /* TabBarViewController.swift */; };
		A798A9FF265E4969005D8376 /* UIImageView+download.swift in Sources */ = {isa = PBXBuildFile; fileRef = A798A9FE265E4969005D8376 /* UIImageView+download.swift */; };
		A798AA01265E4A28005D8376 /* PostViewController.swift in Sources */ = {isa = PBXBuildFile; fileRef = A798AA00265E4A28005D8376 /* PostViewController.swift */; };
		A798AA03265E4A46005D8376 /* PostView.swift in Sources */ = {isa = PBXBuildFile; fileRef = A798AA02265E4A46005D8376 /* PostView.swift */; };
/* End PBXBuildFile section */

/* Begin PBXFileReference section */
		A77FDA16265D32C10078F667 /* PostApp.app */ = {isa = PBXFileReference; explicitFileType = wrapper.application; includeInIndex = 0; path = PostApp.app; sourceTree = BUILT_PRODUCTS_DIR; };
		A77FDA19265D32C10078F667 /* AppDelegate.swift */ = {isa = PBXFileReference; lastKnownFileType = sourcecode.swift; path = AppDelegate.swift; sourceTree = "<group>"; };
		A77FDA1B265D32C10078F667 /* SceneDelegate.swift */ = {isa = PBXFileReference; lastKnownFileType = sourcecode.swift; path = SceneDelegate.swift; sourceTree = "<group>"; };
		A77FDA1D265D32C10078F667 /* MainViewController.swift */ = {isa = PBXFileReference; lastKnownFileType = sourcecode.swift; path = MainViewController.swift; sourceTree = "<group>"; };
		A77FDA22265D32CA0078F667 /* Assets.xcassets */ = {isa = PBXFileReference; lastKnownFileType = folder.assetcatalog; path = Assets.xcassets; sourceTree = "<group>"; };
		A77FDA25265D32CA0078F667 /* Base */ = {isa = PBXFileReference; lastKnownFileType = file.storyboard; name = Base; path = Base.lproj/LaunchScreen.storyboard; sourceTree = "<group>"; };
		A77FDA27265D32CA0078F667 /* Info.plist */ = {isa = PBXFileReference; lastKnownFileType = text.plist.xml; path = Info.plist; sourceTree = "<group>"; };
		A77FDA2D265D35380078F667 /* Service.swift */ = {isa = PBXFileReference; lastKnownFileType = sourcecode.swift; path = Service.swift; sourceTree = "<group>"; };
		A77FDA2F265D35A40078F667 /* Model.swift */ = {isa = PBXFileReference; lastKnownFileType = sourcecode.swift; path = Model.swift; sourceTree = "<group>"; };
		A77FDA31265D383C0078F667 /* MainView.swift */ = {isa = PBXFileReference; lastKnownFileType = sourcecode.swift; path = MainView.swift; sourceTree = "<group>"; };
		A77FDA33265D39900078F667 /* CollectionViewCell.swift */ = {isa = PBXFileReference; lastKnownFileType = sourcecode.swift; path = CollectionViewCell.swift; sourceTree = "<group>"; };
		A77FDA37265D42B40078F667 /* TabBarViewController.swift */ = {isa = PBXFileReference; lastKnownFileType = sourcecode.swift; path = TabBarViewController.swift; sourceTree = "<group>"; };
		A798A9FE265E4969005D8376 /* UIImageView+download.swift */ = {isa = PBXFileReference; lastKnownFileType = sourcecode.swift; path = "UIImageView+download.swift"; sourceTree = "<group>"; };
		A798AA00265E4A28005D8376 /* PostViewController.swift */ = {isa = PBXFileReference; lastKnownFileType = sourcecode.swift; path = PostViewController.swift; sourceTree = "<group>"; };
		A798AA02265E4A46005D8376 /* PostView.swift */ = {isa = PBXFileReference; lastKnownFileType = sourcecode.swift; path = PostView.swift; sourceTree = "<group>"; };
/* End PBXFileReference section */

/* Begin PBXFrameworksBuildPhase section */
		A77FDA13265D32C10078F667 /* Frameworks */ = {
			isa = PBXFrameworksBuildPhase;
			buildActionMask = 2147483647;
			files = (
			);
			runOnlyForDeploymentPostprocessing = 0;
		};
/* End PBXFrameworksBuildPhase section */

/* Begin PBXGroup section */
		A77FDA0D265D32C10078F667 = {
			isa = PBXGroup;
			children = (
				A77FDA18265D32C10078F667 /* PostApp */,
				A77FDA17265D32C10078F667 /* Products */,
			);
			sourceTree = "<group>";
		};
		A77FDA17265D32C10078F667 /* Products */ = {
			isa = PBXGroup;
			children = (
				A77FDA16265D32C10078F667 /* PostApp.app */,
			);
			name = Products;
			sourceTree = "<group>";
		};
		A77FDA18265D32C10078F667 /* PostApp */ = {
			isa = PBXGroup;
			children = (
				A77FDA19265D32C10078F667 /* AppDelegate.swift */,
				A77FDA1B265D32C10078F667 /* SceneDelegate.swift */,
				A77FDA31265D383C0078F667 /* MainView.swift */,
				A77FDA1D265D32C10078F667 /* MainViewController.swift */,
				A798AA00265E4A28005D8376 /* PostViewController.swift */,
				A798AA02265E4A46005D8376 /* PostView.swift */,
				A798A9FD265E4911005D8376 /* Extension */,
				A77FDA33265D39900078F667 /* CollectionViewCell.swift */,
				A77FDA2D265D35380078F667 /* Service.swift */,
				A77FDA2F265D35A40078F667 /* Model.swift */,
				A77FDA37265D42B40078F667 /* TabBarViewController.swift */,
				A77FDA22265D32CA0078F667 /* Assets.xcassets */,
				A77FDA24265D32CA0078F667 /* LaunchScreen.storyboard */,
				A77FDA27265D32CA0078F667 /* Info.plist */,
			);
			path = PostApp;
			sourceTree = "<group>";
		};
		A798A9FD265E4911005D8376 /* Extension */ = {
			isa = PBXGroup;
			children = (
				A798A9FE265E4969005D8376 /* UIImageView+download.swift */,
			);
			path = Extension;
			sourceTree = "<group>";
		};
/* End PBXGroup section */

/* Begin PBXNativeTarget section */
		A77FDA15265D32C10078F667 /* PostApp */ = {
			isa = PBXNativeTarget;
			buildConfigurationList = A77FDA2A265D32CA0078F667 /* Build configuration list for PBXNativeTarget "PostApp" */;
			buildPhases = (
				A77FDA12265D32C10078F667 /* Sources */,
				A77FDA13265D32C10078F667 /* Frameworks */,
				A77FDA14265D32C10078F667 /* Resources */,
			);
			buildRules = (
			);
			dependencies = (
			);
			name = PostApp;
			productName = PostApp;
			productReference = A77FDA16265D32C10078F667 /* PostApp.app */;
			productType = "com.apple.product-type.application";
		};
/* End PBXNativeTarget section */

/* Begin PBXProject section */
		A77FDA0E265D32C10078F667 /* Project object */ = {
			isa = PBXProject;
			attributes = {
				LastSwiftUpdateCheck = 1250;
				LastUpgradeCheck = 1250;
				TargetAttributes = {
					A77FDA15265D32C10078F667 = {
						CreatedOnToolsVersion = 12.5;
					};
				};
			};
			buildConfigurationList = A77FDA11265D32C10078F667 /* Build configuration list for PBXProject "PostApp" */;
			compatibilityVersion = "Xcode 9.3";
			developmentRegion = en;
			hasScannedForEncodings = 0;
			knownRegions = (
				en,
				Base,
			);
			mainGroup = A77FDA0D265D32C10078F667;
			productRefGroup = A77FDA17265D32C10078F667 /* Products */;
			projectDirPath = "";
			projectRoot = "";
			targets = (
				A77FDA15265D32C10078F667 /* PostApp */,
			);
		};
/* End PBXProject section */

/* Begin PBXResourcesBuildPhase section */
		A77FDA14265D32C10078F667 /* Resources */ = {
			isa = PBXResourcesBuildPhase;
			buildActionMask = 2147483647;
			files = (
				A77FDA26265D32CA0078F667 /* LaunchScreen.storyboard in Resources */,
				A77FDA23265D32CA0078F667 /* Assets.xcassets in Resources */,
			);
			runOnlyForDeploymentPostprocessing = 0;
		};
/* End PBXResourcesBuildPhase section */

/* Begin PBXSourcesBuildPhase section */
		A77FDA12265D32C10078F667 /* Sources */ = {
			isa = PBXSourcesBuildPhase;
			buildActionMask = 2147483647;
			files = (
				A77FDA30265D35A40078F667 /* Model.swift in Sources */,
				A77FDA32265D383C0078F667 /* MainView.swift in Sources */,
				A77FDA1E265D32C10078F667 /* MainViewController.swift in Sources */,
				A77FDA38265D42B40078F667 /* TabBarViewController.swift in Sources */,
				A798AA01265E4A28005D8376 /* PostViewController.swift in Sources */,
				A77FDA34265D39900078F667 /* CollectionViewCell.swift in Sources */,
				A77FDA2E265D35380078F667 /* Service.swift in Sources */,
				A798A9FF265E4969005D8376 /* UIImageView+download.swift in Sources */,
				A77FDA1A265D32C10078F667 /* AppDelegate.swift in Sources */,
				A77FDA1C265D32C10078F667 /* SceneDelegate.swift in Sources */,
				A798AA03265E4A46005D8376 /* PostView.swift in Sources */,
			);
			runOnlyForDeploymentPostprocessing = 0;
		};
/* End PBXSourcesBuildPhase section */

/* Begin PBXVariantGroup section */
		A77FDA24265D32CA0078F667 /* LaunchScreen.storyboard */ = {
			isa = PBXVariantGroup;
			children = (
				A77FDA25265D32CA0078F667 /* Base */,
			);
			name = LaunchScreen.storyboard;
			sourceTree = "<group>";
		};
/* End PBXVariantGroup section */

/* Begin XCBuildConfiguration section */
		A77FDA28265D32CA0078F667 /* Debug */ = {
			isa = XCBuildConfiguration;
			buildSettings = {
				ALWAYS_SEARCH_USER_PATHS = NO;
				CLANG_ANALYZER_NONNULL = YES;
				CLANG_ANALYZER_NUMBER_OBJECT_CONVERSION = YES_AGGRESSIVE;
				CLANG_CXX_LANGUAGE_STANDARD = "gnu++14";
				CLANG_CXX_LIBRARY = "libc++";
				CLANG_ENABLE_MODULES = YES;
				CLANG_ENABLE_OBJC_ARC = YES;
				CLANG_ENABLE_OBJC_WEAK = YES;
				CLANG_WARN_BLOCK_CAPTURE_AUTORELEASING = YES;
				CLANG_WARN_BOOL_CONVERSION = YES;
				CLANG_WARN_COMMA = YES;
				CLANG_WARN_CONSTANT_CONVERSION = YES;
				CLANG_WARN_DEPRECATED_OBJC_IMPLEMENTATIONS = YES;
				CLANG_WARN_DIRECT_OBJC_ISA_USAGE = YES_ERROR;
				CLANG_WARN_DOCUMENTATION_COMMENTS = YES;
				CLANG_WARN_EMPTY_BODY = YES;
				CLANG_WARN_ENUM_CONVERSION = YES;
				CLANG_WARN_INFINITE_RECURSION = YES;
				CLANG_WARN_INT_CONVERSION = YES;
				CLANG_WARN_NON_LITERAL_NULL_CONVERSION = YES;
				CLANG_WARN_OBJC_IMPLICIT_RETAIN_SELF = YES;
				CLANG_WARN_OBJC_LITERAL_CONVERSION = YES;
				CLANG_WARN_OBJC_ROOT_CLASS = YES_ERROR;
				CLANG_WARN_QUOTED_INCLUDE_IN_FRAMEWORK_HEADER = YES;
				CLANG_WARN_RANGE_LOOP_ANALYSIS = YES;
				CLANG_WARN_STRICT_PROTOTYPES = YES;
				CLANG_WARN_SUSPICIOUS_MOVE = YES;
				CLANG_WARN_UNGUARDED_AVAILABILITY = YES_AGGRESSIVE;
				CLANG_WARN_UNREACHABLE_CODE = YES;
				CLANG_WARN__DUPLICATE_METHOD_MATCH = YES;
				COPY_PHASE_STRIP = NO;
				DEBUG_INFORMATION_FORMAT = dwarf;
				ENABLE_STRICT_OBJC_MSGSEND = YES;
				ENABLE_TESTABILITY = YES;
				GCC_C_LANGUAGE_STANDARD = gnu11;
				GCC_DYNAMIC_NO_PIC = NO;
				GCC_NO_COMMON_BLOCKS = YES;
				GCC_OPTIMIZATION_LEVEL = 0;
				GCC_PREPROCESSOR_DEFINITIONS = (
					"DEBUG=1",
					"$(inherited)",
				);
				GCC_WARN_64_TO_32_BIT_CONVERSION = YES;
				GCC_WARN_ABOUT_RETURN_TYPE = YES_ERROR;
				GCC_WARN_UNDECLARED_SELECTOR = YES;
				GCC_WARN_UNINITIALIZED_AUTOS = YES_AGGRESSIVE;
				GCC_WARN_UNUSED_FUNCTION = YES;
				GCC_WARN_UNUSED_VARIABLE = YES;
				IPHONEOS_DEPLOYMENT_TARGET = 14.5;
				MTL_ENABLE_DEBUG_INFO = INCLUDE_SOURCE;
				MTL_FAST_MATH = YES;
				ONLY_ACTIVE_ARCH = YES;
				SDKROOT = iphoneos;
				SWIFT_ACTIVE_COMPILATION_CONDITIONS = DEBUG;
				SWIFT_OPTIMIZATION_LEVEL = "-Onone";
			};
			name = Debug;
		};
		A77FDA29265D32CA0078F667 /* Release */ = {
			isa = XCBuildConfiguration;
			buildSettings = {
				ALWAYS_SEARCH_USER_PATHS = NO;
				CLANG_ANALYZER_NONNULL = YES;
				CLANG_ANALYZER_NUMBER_OBJECT_CONVERSION = YES_AGGRESSIVE;
				CLANG_CXX_LANGUAGE_STANDARD = "gnu++14";
				CLANG_CXX_LIBRARY = "libc++";
				CLANG_ENABLE_MODULES = YES;
				CLANG_ENABLE_OBJC_ARC = YES;
				CLANG_ENABLE_OBJC_WEAK = YES;
				CLANG_WARN_BLOCK_CAPTURE_AUTORELEASING = YES;
				CLANG_WARN_BOOL_CONVERSION = YES;
				CLANG_WARN_COMMA = YES;
				CLANG_WARN_CONSTANT_CONVERSION = YES;
				CLANG_WARN_DEPRECATED_OBJC_IMPLEMENTATIONS = YES;
				CLANG_WARN_DIRECT_OBJC_ISA_USAGE = YES_ERROR;
				CLANG_WARN_DOCUMENTATION_COMMENTS = YES;
				CLANG_WARN_EMPTY_BODY = YES;
				CLANG_WARN_ENUM_CONVERSION = YES;
				CLANG_WARN_INFINITE_RECURSION = YES;
				CLANG_WARN_INT_CONVERSION = YES;
				CLANG_WARN_NON_LITERAL_NULL_CONVERSION = YES;
				CLANG_WARN_OBJC_IMPLICIT_RETAIN_SELF = YES;
				CLANG_WARN_OBJC_LITERAL_CONVERSION = YES;
				CLANG_WARN_OBJC_ROOT_CLASS = YES_ERROR;
				CLANG_WARN_QUOTED_INCLUDE_IN_FRAMEWORK_HEADER = YES;
				CLANG_WARN_RANGE_LOOP_ANALYSIS = YES;
				CLANG_WARN_STRICT_PROTOTYPES = YES;
				CLANG_WARN_SUSPICIOUS_MOVE = YES;
				CLANG_WARN_UNGUARDED_AVAILABILITY = YES_AGGRESSIVE;
				CLANG_WARN_UNREACHABLE_CODE = YES;
				CLANG_WARN__DUPLICATE_METHOD_MATCH = YES;
				COPY_PHASE_STRIP = NO;
				DEBUG_INFORMATION_FORMAT = "dwarf-with-dsym";
				ENABLE_NS_ASSERTIONS = NO;
				ENABLE_STRICT_OBJC_MSGSEND = YES;
				GCC_C_LANGUAGE_STANDARD = gnu11;
				GCC_NO_COMMON_BLOCKS = YES;
				GCC_WARN_64_TO_32_BIT_CONVERSION = YES;
				GCC_WARN_ABOUT_RETURN_TYPE = YES_ERROR;
				GCC_WARN_UNDECLARED_SELECTOR = YES;
				GCC_WARN_UNINITIALIZED_AUTOS = YES_AGGRESSIVE;
				GCC_WARN_UNUSED_FUNCTION = YES;
				GCC_WARN_UNUSED_VARIABLE = YES;
				IPHONEOS_DEPLOYMENT_TARGET = 14.5;
				MTL_ENABLE_DEBUG_INFO = NO;
				MTL_FAST_MATH = YES;
				SDKROOT = iphoneos;
				SWIFT_COMPILATION_MODE = wholemodule;
				SWIFT_OPTIMIZATION_LEVEL = "-O";
				VALIDATE_PRODUCT = YES;
			};
			name = Release;
		};
		A77FDA2B265D32CA0078F667 /* Debug */ = {
			isa = XCBuildConfiguration;
			buildSettings = {
				ASSETCATALOG_COMPILER_APPICON_NAME = AppIcon;
				ASSETCATALOG_COMPILER_GLOBAL_ACCENT_COLOR_NAME = AccentColor;
				CODE_SIGN_STYLE = Automatic;
				DEVELOPMENT_TEAM = C93ZPTG8SN;
				INFOPLIST_FILE = PostApp/Info.plist;
				LD_RUNPATH_SEARCH_PATHS = (
					"$(inherited)",
					"@executable_path/Frameworks",
				);
				PRODUCT_BUNDLE_IDENTIFIER = com.postApp.ios;
				PRODUCT_NAME = "$(TARGET_NAME)";
				SWIFT_VERSION = 5.0;
				TARGETED_DEVICE_FAMILY = 1;
			};
			name = Debug;
		};
		A77FDA2C265D32CA0078F667 /* Release */ = {
			isa = XCBuildConfiguration;
			buildSettings = {
				ASSETCATALOG_COMPILER_APPICON_NAME = AppIcon;
				ASSETCATALOG_COMPILER_GLOBAL_ACCENT_COLOR_NAME = AccentColor;
				CODE_SIGN_STYLE = Automatic;
				DEVELOPMENT_TEAM = C93ZPTG8SN;
				INFOPLIST_FILE = PostApp/Info.plist;
				LD_RUNPATH_SEARCH_PATHS = (
					"$(inherited)",
					"@executable_path/Frameworks",
				);
				PRODUCT_BUNDLE_IDENTIFIER = com.postApp.ios;
				PRODUCT_NAME = "$(TARGET_NAME)";
				SWIFT_VERSION = 5.0;
				TARGETED_DEVICE_FAMILY = 1;
			};
			name = Release;
		};
/* End XCBuildConfiguration section */

/* Begin XCConfigurationList section */
		A77FDA11265D32C10078F667 /* Build configuration list for PBXProject "PostApp" */ = {
			isa = XCConfigurationList;
			buildConfigurations = (
				A77FDA28265D32CA0078F667 /* Debug */,
				A77FDA29265D32CA0078F667 /* Release */,
			);
			defaultConfigurationIsVisible = 0;
			defaultConfigurationName = Release;
		};
		A77FDA2A265D32CA0078F667 /* Build configuration list for PBXNativeTarget "PostApp" */ = {
			isa = XCConfigurationList;
			buildConfigurations = (
				A77FDA2B265D32CA0078F667 /* Debug */,
				A77FDA2C265D32CA0078F667 /* Release */,
			);
			defaultConfigurationIsVisible = 0;
			defaultConfigurationName = Release;
		};
/* End XCConfigurationList section */
	};
	rootObject = A77FDA0E265D32C10078F667 /* Project object */;
}
